
Microsoft Visual Studio Solution File, Format Version 12.00
# Visual Studio Version 17
VisualStudioVersion = 17.2.32505.173
MinimumVisualStudioVersion = 10.0.40219.1
Project("{FAE04EC0-301F-11D3-BF4B-00C04F79EFBC}") = "KeepOffTheGrass", "KeepOffTheGrass.csproj", "{C367AECA-F6B4-4CEA-9967-B1AB690D15F6}"
EndProject
Project("{2150E333-8FDC-42A3-9474-1A3956D46DE8}") = "Solution Items", "Solution Items", "{07365857-87F4-46FE-A9DF-3B298AB29B86}"
	ProjectSection(SolutionItems) = preProject
		.editorconfig = .editorconfig
	EndProjectSection
EndProject
Global
	GlobalSection(SolutionConfigurationPlatforms) = preSolution
		Debug|Any CPU = Debug|Any CPU
		Release|Any CPU = Release|Any CPU
	EndGlobalSection
	GlobalSection(ProjectConfigurationPlatforms) = postSolution
		{C367AECA-F6B4-4CEA-9967-B1AB690D15F6}.Debug|Any CPU.ActiveCfg = Debug|Any CPU
		{C367AECA-F6B4-4CEA-9967-B1AB690D15F6}.Debug|Any CPU.Build.0 = Debug|Any CPU
		{C367AECA-F6B4-4CEA-9967-B1AB690D15F6}.Release|Any CPU.ActiveCfg = Release|Any CPU
		{C367AECA-F6B4-4CEA-9967-B1AB690D15F6}.Release|Any CPU.Build.0 = Release|Any CPU
	EndGlobalSection
	GlobalSection(SolutionProperties) = preSolution
		HideSolutionNode = FALSE
	EndGlobalSection
	GlobalSection(ExtensibilityGlobals) = postSolution
		SolutionGuid = {44A90250-C5AF-494C-A675-40618E261A09}
	EndGlobalSection
EndGlobal
